
Microsoft Visual Studio Solution File, Format Version 12.00
# Visual Studio Version 16
VisualStudioVersion = 16.0.31129.286
MinimumVisualStudioVersion = 10.0.40219.1
Project("{FAE04EC0-301F-11D3-BF4B-00C04F79EFBC}") = "RoChamBo", "RoChamBo\RoChamBo.csproj", "{64C2A22F-864B-4325-9356-99E56DEDB772}"
EndProject
Global
	GlobalSection(SolutionConfigurationPlatforms) = preSolution
		Debug|Any CPU = Debug|Any CPU
		Release|Any CPU = Release|Any CPU
	EndGlobalSection
	GlobalSection(ProjectConfigurationPlatforms) = postSolution
		{64C2A22F-864B-4325-9356-99E56DEDB772}.Debug|Any CPU.ActiveCfg = Debug|Any CPU
		{64C2A22F-864B-4325-9356-99E56DEDB772}.Debug|Any CPU.Build.0 = Debug|Any CPU
		{64C2A22F-864B-4325-9356-99E56DEDB772}.Release|Any CPU.ActiveCfg = Release|Any CPU
		{64C2A22F-864B-4325-9356-99E56DEDB772}.Release|Any CPU.Build.0 = Release|Any CPU
	EndGlobalSection
	GlobalSection(SolutionProperties) = preSolution
		HideSolutionNode = FALSE
	EndGlobalSection
	GlobalSection(ExtensibilityGlobals) = postSolution
		SolutionGuid = {3542C91A-0579-45E8-ADE2-9FAEC4ECF1FF}
	EndGlobalSection
EndGlobal
